<?xml version="1.0" encoding="utf-8"?>
<Project ToolsVersion="4.0" xmlns="http://schemas.microsoft.com/developer/msbuild/2003">
  <ItemGroup>
    <Filter Include="소스 파일">
      <UniqueIdentifier>{4FC737F1-C7A5-4376-A066-2A32D752A2FF}</UniqueIdentifier>
      <Extensions>cpp;c;cc;cxx;c++;cppm;ixx;def;odl;idl;hpj;bat;asm;asmx</Extensions>
    </Filter>
    <Filter Include="헤더 파일">
      <UniqueIdentifier>{93995380-89BD-4b04-88EB-625FBE52EBFB}</UniqueIdentifier>
      <Extensions>h;hh;hpp;hxx;h++;hm;inl;inc;ipp;xsd</Extensions>
    </Filter>
    <Filter Include="리소스 파일">
      <UniqueIdentifier>{67DA6AB6-F800-4c08-8B7A-83BB121AAD01}</UniqueIdentifier>
      <Extensions>rc;ico;cur;bmp;dlg;rc2;rct;bin;rgs;gif;jpg;jpeg;jpe;resx;tiff;tif;png;wav;mfcribbon-ms</Extensions>
    </Filter>
    <Filter Include="소스 파일\1206 김상은 0819">
      <UniqueIdentifier>{34cf39de-2e78-4621-ad69-bbef0d8ee36a}</UniqueIdentifier>
    </Filter>
    <Filter Include="소스 파일\1206 김상은 0820">
      <UniqueIdentifier>{18f990b5-8a33-41e8-9a6d-419f860a4ac0}</UniqueIdentifier>
    </Filter>
    <Filter Include="소스 파일\1206 김상은 0826">
      <UniqueIdentifier>{e35a2272-441d-4c7b-bd7f-21ef78932797}</UniqueIdentifier>
    </Filter>
    <Filter Include="소스 파일\1206 김상은 0827">
      <UniqueIdentifier>{3cea0d31-e92a-4c9e-8f2a-5b8d8c35c765}</UniqueIdentifier>
    </Filter>
  </ItemGroup>
  <ItemGroup>
    <ClCompile Include="1206 김상은 0819 Fst자료구조5.c">
      <Filter>소스 파일\1206 김상은 0819</Filter>
    </ClCompile>
    <ClCompile Include="1206 김상은 0819 Fst자료구조1.c">
      <Filter>소스 파일\1206 김상은 0819</Filter>
    </ClCompile>
    <ClCompile Include="1206 김상은 0819 Fst자료구조2.c">
      <Filter>소스 파일\1206 김상은 0819</Filter>
    </ClCompile>
    <ClCompile Include="1206 김상은 0819 Fst자료구조3.c">
      <Filter>소스 파일\1206 김상은 0819</Filter>
    </ClCompile>
    <ClCompile Include="1206 김상은 0819 Fst자료구조4.c">
      <Filter>소스 파일\1206 김상은 0819</Filter>
    </ClCompile>
    <ClCompile Include="CallByValueCallByReference.c">
      <Filter>소스 파일\1206 김상은 0820</Filter>
    </ClCompile>
    <ClCompile Include="팩토리얼.c">
      <Filter>소스 파일\1206 김상은 0820</Filter>
    </ClCompile>
    <ClCompile Include="파일입출력.c">
      <Filter>소스 파일\1206 김상은 0820</Filter>
    </ClCompile>
    <ClCompile Include="구조체.c">
      <Filter>소스 파일\1206 김상은 0826</Filter>
    </ClCompile>
    <ClCompile Include="구조체2.c">
      <Filter>소스 파일\1206 김상은 0826</Filter>
    </ClCompile>
    <ClCompile Include="링크드리스트.c">
      <Filter>소스 파일\1206 김상은 0827</Filter>
    </ClCompile>
    <ClCompile Include="메인소스.c">
      <Filter>소스 파일</Filter>
    </ClCompile>
    <ClCompile Include="연결리스트1.c">
      <Filter>소스 파일</Filter>
    </ClCompile>
    <ClCompile Include="연결리스트정렬메인.c">
      <Filter>소스 파일</Filter>
    </ClCompile>
  </ItemGroup>
  <ItemGroup>
    <None Include="함수정의.c">
      <Filter>소스 파일</Filter>
    </None>
  </ItemGroup>
  <ItemGroup>
    <ClInclude Include="헤더.h">
      <Filter>헤더 파일</Filter>
    </ClInclude>
    <ClInclude Include="연결리스트.h">
      <Filter>헤더 파일</Filter>
    </ClInclude>
  </ItemGroup>
</Project>